
Microsoft Visual Studio Solution File, Format Version 12.00
# Visual Studio Version 17
VisualStudioVersion = 17.8.34330.188
MinimumVisualStudioVersion = 10.0.40219.1
Project("{FAE04EC0-301F-11D3-BF4B-00C04F79EFBC}") = "001_RC_Circuit_Calculator", "001_RC_Circuit_Calculator\001_RC_Circuit_Calculator.csproj", "{20FC0586-F142-40F2-A76A-3319AFBFAAA4}"
EndProject
Global
	GlobalSection(SolutionConfigurationPlatforms) = preSolution
		Debug|Any CPU = Debug|Any CPU
		Release|Any CPU = Release|Any CPU
	EndGlobalSection
	GlobalSection(ProjectConfigurationPlatforms) = postSolution
		{20FC0586-F142-40F2-A76A-3319AFBFAAA4}.Debug|Any CPU.ActiveCfg = Debug|Any CPU
		{20FC0586-F142-40F2-A76A-3319AFBFAAA4}.Debug|Any CPU.Build.0 = Debug|Any CPU
		{20FC0586-F142-40F2-A76A-3319AFBFAAA4}.Release|Any CPU.ActiveCfg = Release|Any CPU
		{20FC0586-F142-40F2-A76A-3319AFBFAAA4}.Release|Any CPU.Build.0 = Release|Any CPU
	EndGlobalSection
	GlobalSection(SolutionProperties) = preSolution
		HideSolutionNode = FALSE
	EndGlobalSection
	GlobalSection(ExtensibilityGlobals) = postSolution
		SolutionGuid = {68289AE1-CCB5-4E14-B500-E144075A96AE}
	EndGlobalSection
EndGlobal
